// !$*UTF8*$!
{
	archiveVersion = 1;
	classes = {
	};
	objectVersion = 46;
	objects = {

/* Begin PBXBuildFile section */
		4E9EC4181A761C4E008EA428 /* main.m in Sources */ = {isa = PBXBuildFile; fileRef = 4E9EC4171A761C4E008EA428 /* main.m */; };
		4E9EC41B1A761C4F008EA428 /* AppDelegate.m in Sources */ = {isa = PBXBuildFile; fileRef = 4E9EC41A1A761C4F008EA428 /* AppDelegate.m */; };
		4E9EC41E1A761C4F008EA428 /* html.xcdatamodeld in Sources */ = {isa = PBXBuildFile; fileRef = 4E9EC41C1A761C4F008EA428 /* html.xcdatamodeld */; };
		4E9EC4211A761C4F008EA428 /* ViewController.m in Sources */ = {isa = PBXBuildFile; fileRef = 4E9EC4201A761C4F008EA428 /* ViewController.m */; };
		4E9EC4241A761C4F008EA428 /* Main.storyboard in Resources */ = {isa = PBXBuildFile; fileRef = 4E9EC4221A761C4F008EA428 /* Main.storyboard */; };
		4E9EC4261A761C4F008EA428 /* Images.xcassets in Resources */ = {isa = PBXBuildFile; fileRef = 4E9EC4251A761C4F008EA428 /* Images.xcassets */; };
		4E9EC4291A761C4F008EA428 /* LaunchScreen.xib in Resources */ = {isa = PBXBuildFile; fileRef = 4E9EC4271A761C4F008EA428 /* LaunchScreen.xib */; };
		4E9EC4351A761C4F008EA428 /* htmlTests.m in Sources */ = {isa = PBXBuildFile; fileRef = 4E9EC4341A761C4F008EA428 /* htmlTests.m */; };
/* End PBXBuildFile section */

/* Begin PBXContainerItemProxy section */
		4E9EC42F1A761C4F008EA428 /* PBXContainerItemProxy */ = {
			isa = PBXContainerItemProxy;
			containerPortal = 4E9EC40A1A761C4E008EA428 /* Project object */;
			proxyType = 1;
			remoteGlobalIDString = 4E9EC4111A761C4E008EA428;
			remoteInfo = html;
		};
/* End PBXContainerItemProxy section */

/* Begin PBXFileReference section */
		4E9EC4121A761C4E008EA428 /* html.app */ = {isa = PBXFileReference; explicitFileType = wrapper.application; includeInIndex = 0; path = html.app; sourceTree = BUILT_PRODUCTS_DIR; };
		4E9EC4161A761C4E008EA428 /* Info.plist */ = {isa = PBXFileReference; lastKnownFileType = text.plist.xml; path = Info.plist; sourceTree = "<group>"; };
		4E9EC4171A761C4E008EA428 /* main.m */ = {isa = PBXFileReference; lastKnownFileType = sourcecode.c.objc; path = main.m; sourceTree = "<group>"; };
		4E9EC4191A761C4E008EA428 /* AppDelegate.h */ = {isa = PBXFileReference; lastKnownFileType = sourcecode.c.h; path = AppDelegate.h; sourceTree = "<group>"; };
		4E9EC41A1A761C4F008EA428 /* AppDelegate.m */ = {isa = PBXFileReference; lastKnownFileType = sourcecode.c.objc; path = AppDelegate.m; sourceTree = "<group>"; };
		4E9EC41D1A761C4F008EA428 /* html.xcdatamodel */ = {isa = PBXFileReference; lastKnownFileType = wrapper.xcdatamodel; path = html.xcdatamodel; sourceTree = "<group>"; };
		4E9EC41F1A761C4F008EA428 /* ViewController.h */ = {isa = PBXFileReference; lastKnownFileType = sourcecode.c.h; path = ViewController.h; sourceTree = "<group>"; };
		4E9EC4201A761C4F008EA428 /* ViewController.m */ = {isa = PBXFileReference; lastKnownFileType = sourcecode.c.objc; path = ViewController.m; sourceTree = "<group>"; };
		4E9EC4231A761C4F008EA428 /* Base */ = {isa = PBXFileReference; lastKnownFileType = file.storyboard; name = Base; path = Base.lproj/Main.storyboard; sourceTree = "<group>"; };
		4E9EC4251A761C4F008EA428 /* Images.xcassets */ = {isa = PBXFileReference; lastKnownFileType = folder.assetcatalog; path = Images.xcassets; sourceTree = "<group>"; };
		4E9EC4281A761C4F008EA428 /* Base */ = {isa = PBXFileReference; lastKnownFileType = file.xib; name = Base; path = Base.lproj/LaunchScreen.xib; sourceTree = "<group>"; };
		4E9EC42E1A761C4F008EA428 /* htmlTests.xctest */ = {isa = PBXFileReference; explicitFileType = wrapper.cfbundle; includeInIndex = 0; path = htmlTests.xctest; sourceTree = BUILT_PRODUCTS_DIR; };
		4E9EC4331A761C4F008EA428 /* Info.plist */ = {isa = PBXFileReference; lastKnownFileType = text.plist.xml; path = Info.plist; sourceTree = "<group>"; };
		4E9EC4341A761C4F008EA428 /* htmlTests.m */ = {isa = PBXFileReference; lastKnownFileType = sourcecode.c.objc; path = htmlTests.m; sourceTree = "<group>"; };
/* End PBXFileReference section */

/* Begin PBXFrameworksBuildPhase section */
		4E9EC40F1A761C4E008EA428 /* Frameworks */ = {
			isa = PBXFrameworksBuildPhase;
			buildActionMask = 2147483647;
			files = (
			);
			runOnlyForDeploymentPostprocessing = 0;
		};
		4E9EC42B1A761C4F008EA428 /* Frameworks */ = {
			isa = PBXFrameworksBuildPhase;
			buildActionMask = 2147483647;
			files = (
			);
			runOnlyForDeploymentPostprocessing = 0;
		};
/* End PBXFrameworksBuildPhase section */

/* Begin PBXGroup section */
		4E9EC4091A761C4E008EA428 = {
			isa = PBXGroup;
			children = (
				4E9EC4141A761C4E008EA428 /* html */,
				4E9EC4311A761C4F008EA428 /* htmlTests */,
				4E9EC4131A761C4E008EA428 /* Products */,
			);
			sourceTree = "<group>";
		};
		4E9EC4131A761C4E008EA428 /* Products */ = {
			isa = PBXGroup;
			children = (
				4E9EC4121A761C4E008EA428 /* html.app */,
				4E9EC42E1A761C4F008EA428 /* htmlTests.xctest */,
			);
			name = Products;
			sourceTree = "<group>";
		};
		4E9EC4141A761C4E008EA428 /* html */ = {
			isa = PBXGroup;
			children = (
				4E9EC4191A761C4E008EA428 /* AppDelegate.h */,
				4E9EC41A1A761C4F008EA428 /* AppDelegate.m */,
				4E9EC41F1A761C4F008EA428 /* ViewController.h */,
				4E9EC4201A761C4F008EA428 /* ViewController.m */,
				4E9EC4221A761C4F008EA428 /* Main.storyboard */,
				4E9EC4251A761C4F008EA428 /* Images.xcassets */,
				4E9EC4271A761C4F008EA428 /* LaunchScreen.xib */,
				4E9EC41C1A761C4F008EA428 /* html.xcdatamodeld */,
				4E9EC4151A761C4E008EA428 /* Supporting Files */,
			);
			path = html;
			sourceTree = "<group>";
		};
		4E9EC4151A761C4E008EA428 /* Supporting Files */ = {
			isa = PBXGroup;
			children = (
				4E9EC4161A761C4E008EA428 /* Info.plist */,
				4E9EC4171A761C4E008EA428 /* main.m */,
			);
			name = "Supporting Files";
			sourceTree = "<group>";
		};
		4E9EC4311A761C4F008EA428 /* htmlTests */ = {
			isa = PBXGroup;
			children = (
				4E9EC4341A761C4F008EA428 /* htmlTests.m */,
				4E9EC4321A761C4F008EA428 /* Supporting Files */,
			);
			path = htmlTests;
			sourceTree = "<group>";
		};
		4E9EC4321A761C4F008EA428 /* Supporting Files */ = {
			isa = PBXGroup;
			children = (
				4E9EC4331A761C4F008EA428 /* Info.plist */,
			);
			name = "Supporting Files";
			sourceTree = "<group>";
		};
/* End PBXGroup section */

/* Begin PBXNativeTarget section */
		4E9EC4111A761C4E008EA428 /* html */ = {
			isa = PBXNativeTarget;
			buildConfigurationList = 4E9EC4381A761C4F008EA428 /* Build configuration list for PBXNativeTarget "html" */;
			buildPhases = (
				4E9EC40E1A761C4E008EA428 /* Sources */,
				4E9EC40F1A761C4E008EA428 /* Frameworks */,
				4E9EC4101A761C4E008EA428 /* Resources */,
			);
			buildRules = (
			);
			dependencies = (
			);
			name = html;
			productName = html;
			productReference = 4E9EC4121A761C4E008EA428 /* html.app */;
			productType = "com.apple.product-type.application";
		};
		4E9EC42D1A761C4F008EA428 /* htmlTests */ = {
			isa = PBXNativeTarget;
			buildConfigurationList = 4E9EC43B1A761C4F008EA428 /* Build configuration list for PBXNativeTarget "htmlTests" */;
			buildPhases = (
				4E9EC42A1A761C4F008EA428 /* Sources */,
				4E9EC42B1A761C4F008EA428 /* Frameworks */,
				4E9EC42C1A761C4F008EA428 /* Resources */,
			);
			buildRules = (
			);
			dependencies = (
				4E9EC4301A761C4F008EA428 /* PBXTargetDependency */,
			);
			name = htmlTests;
			productName = htmlTests;
			productReference = 4E9EC42E1A761C4F008EA428 /* htmlTests.xctest */;
			productType = "com.apple.product-type.bundle.unit-test";
		};
/* End PBXNativeTarget section */

/* Begin PBXProject section */
		4E9EC40A1A761C4E008EA428 /* Project object */ = {
			isa = PBXProject;
			attributes = {
				LastUpgradeCheck = 0620;
				ORGANIZATIONNAME = "吴畏";
				TargetAttributes = {
					4E9EC4111A761C4E008EA428 = {
						CreatedOnToolsVersion = 6.2;
					};
					4E9EC42D1A761C4F008EA428 = {
						CreatedOnToolsVersion = 6.2;
						TestTargetID = 4E9EC4111A761C4E008EA428;
					};
				};
			};
			buildConfigurationList = 4E9EC40D1A761C4E008EA428 /* Build configuration list for PBXProject "html" */;
			compatibilityVersion = "Xcode 3.2";
			developmentRegion = English;
			hasScannedForEncodings = 0;
			knownRegions = (
				en,
				Base,
			);
			mainGroup = 4E9EC4091A761C4E008EA428;
			productRefGroup = 4E9EC4131A761C4E008EA428 /* Products */;
			projectDirPath = "";
			projectRoot = "";
			targets = (
				4E9EC4111A761C4E008EA428 /* html */,
				4E9EC42D1A761C4F008EA428 /* htmlTests */,
			);
		};
/* End PBXProject section */

/* Begin PBXResourcesBuildPhase section */
		4E9EC4101A761C4E008EA428 /* Resources */ = {
			isa = PBXResourcesBuildPhase;
			buildActionMask = 2147483647;
			files = (
				4E9EC4241A761C4F008EA428 /* Main.storyboard in Resources */,
				4E9EC4291A761C4F008EA428 /* LaunchScreen.xib in Resources */,
				4E9EC4261A761C4F008EA428 /* Images.xcassets in Resources */,
			);
			runOnlyForDeploymentPostprocessing = 0;
		};
		4E9EC42C1A761C4F008EA428 /* Resources */ = {
			isa = PBXResourcesBuildPhase;
			buildActionMask = 2147483647;
			files = (
			);
			runOnlyForDeploymentPostprocessing = 0;
		};
/* End PBXResourcesBuildPhase section */

/* Begin PBXSourcesBuildPhase section */
		4E9EC40E1A761C4E008EA428 /* Sources */ = {
			isa = PBXSourcesBuildPhase;
			buildActionMask = 2147483647;
			files = (
				4E9EC41B1A761C4F008EA428 /* AppDelegate.m in Sources */,
				4E9EC41E1A761C4F008EA428 /* html.xcdatamodeld in Sources */,
				4E9EC4211A761C4F008EA428 /* ViewController.m in Sources */,
				4E9EC4181A761C4E008EA428 /* main.m in Sources */,
			);
			runOnlyForDeploymentPostprocessing = 0;
		};
		4E9EC42A1A761C4F008EA428 /* Sources */ = {
			isa = PBXSourcesBuildPhase;
			buildActionMask = 2147483647;
			files = (
				4E9EC4351A761C4F008EA428 /* htmlTests.m in Sources */,
			);
			runOnlyForDeploymentPostprocessing = 0;
		};
/* End PBXSourcesBuildPhase section */

/* Begin PBXTargetDependency section */
		4E9EC4301A761C4F008EA428 /* PBXTargetDependency */ = {
			isa = PBXTargetDependency;
			target = 4E9EC4111A761C4E008EA428 /* html */;
			targetProxy = 4E9EC42F1A761C4F008EA428 /* PBXContainerItemProxy */;
		};
/* End PBXTargetDependency section */

/* Begin PBXVariantGroup section */
		4E9EC4221A761C4F008EA428 /* Main.storyboard */ = {
			isa = PBXVariantGroup;
			children = (
				4E9EC4231A761C4F008EA428 /* Base */,
			);
			name = Main.storyboard;
			sourceTree = "<group>";
		};
		4E9EC4271A761C4F008EA428 /* LaunchScreen.xib */ = {
			isa = PBXVariantGroup;
			children = (
				4E9EC4281A761C4F008EA428 /* Base */,
			);
			name = LaunchScreen.xib;
			sourceTree = "<group>";
		};
/* End PBXVariantGroup section */

/* Begin XCBuildConfiguration section */
		4E9EC4361A761C4F008EA428 /* Debug */ = {
			isa = XCBuildConfiguration;
			buildSettings = {
				ALWAYS_SEARCH_USER_PATHS = NO;
				CLANG_CXX_LANGUAGE_STANDARD = "gnu++0x";
				CLANG_CXX_LIBRARY = "libc++";
				CLANG_ENABLE_MODULES = YES;
				CLANG_ENABLE_OBJC_ARC = YES;
				CLANG_WARN_BOOL_CONVERSION = YES;
				CLANG_WARN_CONSTANT_CONVERSION = YES;
				CLANG_WARN_DIRECT_OBJC_ISA_USAGE = YES_ERROR;
				CLANG_WARN_EMPTY_BODY = YES;
				CLANG_WARN_ENUM_CONVERSION = YES;
				CLANG_WARN_INT_CONVERSION = YES;
				CLANG_WARN_OBJC_ROOT_CLASS = YES_ERROR;
				CLANG_WARN_UNREACHABLE_CODE = YES;
				CLANG_WARN__DUPLICATE_METHOD_MATCH = YES;
				"CODE_SIGN_IDENTITY[sdk=iphoneos*]" = "iPhone Developer";
				COPY_PHASE_STRIP = NO;
				ENABLE_STRICT_OBJC_MSGSEND = YES;
				GCC_C_LANGUAGE_STANDARD = gnu99;
				GCC_DYNAMIC_NO_PIC = NO;
				GCC_OPTIMIZATION_LEVEL = 0;
				GCC_PREPROCESSOR_DEFINITIONS = (
					"DEBUG=1",
					"$(inherited)",
				);
				GCC_SYMBOLS_PRIVATE_EXTERN = NO;
				GCC_WARN_64_TO_32_BIT_CONVERSION = YES;
				GCC_WARN_ABOUT_RETURN_TYPE = YES_ERROR;
				GCC_WARN_UNDECLARED_SELECTOR = YES;
				GCC_WARN_UNINITIALIZED_AUTOS = YES_AGGRESSIVE;
				GCC_WARN_UNUSED_FUNCTION = YES;
				GCC_WARN_UNUSED_VARIABLE = YES;
				IPHONEOS_DEPLOYMENT_TARGET = 8.2;
				MTL_ENABLE_DEBUG_INFO = YES;
				ONLY_ACTIVE_ARCH = YES;
				SDKROOT = iphoneos;
			};
			name = Debug;
		};
		4E9EC4371A761C4F008EA428 /* Release */ = {
			isa = XCBuildConfiguration;
			buildSettings = {
				ALWAYS_SEARCH_USER_PATHS = NO;
				CLANG_CXX_LANGUAGE_STANDARD = "gnu++0x";
				CLANG_CXX_LIBRARY = "libc++";
				CLANG_ENABLE_MODULES = YES;
				CLANG_ENABLE_OBJC_ARC = YES;
				CLANG_WARN_BOOL_CONVERSION = YES;
				CLANG_WARN_CONSTANT_CONVERSION = YES;
				CLANG_WARN_DIRECT_OBJC_ISA_USAGE = YES_ERROR;
				CLANG_WARN_EMPTY_BODY = YES;
				CLANG_WARN_ENUM_CONVERSION = YES;
				CLANG_WARN_INT_CONVERSION = YES;
				CLANG_WARN_OBJC_ROOT_CLASS = YES_ERROR;
				CLANG_WARN_UNREACHABLE_CODE = YES;
				CLANG_WARN__DUPLICATE_METHOD_MATCH = YES;
				"CODE_SIGN_IDENTITY[sdk=iphoneos*]" = "iPhone Developer";
				COPY_PHASE_STRIP = YES;
				ENABLE_NS_ASSERTIONS = NO;
				ENABLE_STRICT_OBJC_MSGSEND = YES;
				GCC_C_LANGUAGE_STANDARD = gnu99;
				GCC_WARN_64_TO_32_BIT_CONVERSION = YES;
				GCC_WARN_ABOUT_RETURN_TYPE = YES_ERROR;
				GCC_WARN_UNDECLARED_SELECTOR = YES;
				GCC_WARN_UNINITIALIZED_AUTOS = YES_AGGRESSIVE;
				GCC_WARN_UNUSED_FUNCTION = YES;
				GCC_WARN_UNUSED_VARIABLE = YES;
				IPHONEOS_DEPLOYMENT_TARGET = 8.2;
				MTL_ENABLE_DEBUG_INFO = NO;
				SDKROOT = iphoneos;
				VALIDATE_PRODUCT = YES;
			};
			name = Release;
		};
		4E9EC4391A761C4F008EA428 /* Debug */ = {
			isa = XCBuildConfiguration;
			buildSettings = {
				ASSETCATALOG_COMPILER_APPICON_NAME = AppIcon;
				INFOPLIST_FILE = html/Info.plist;
				LD_RUNPATH_SEARCH_PATHS = "$(inherited) @executable_path/Frameworks";
				PRODUCT_NAME = "$(TARGET_NAME)";
			};
			name = Debug;
		};
		4E9EC43A1A761C4F008EA428 /* Release */ = {
			isa = XCBuildConfiguration;
			buildSettings = {
				ASSETCATALOG_COMPILER_APPICON_NAME = AppIcon;
				INFOPLIST_FILE = html/Info.plist;
				LD_RUNPATH_SEARCH_PATHS = "$(inherited) @executable_path/Frameworks";
				PRODUCT_NAME = "$(TARGET_NAME)";
			};
			name = Release;
		};
		4E9EC43C1A761C4F008EA428 /* Debug */ = {
			isa = XCBuildConfiguration;
			buildSettings = {
				BUNDLE_LOADER = "$(TEST_HOST)";
				FRAMEWORK_SEARCH_PATHS = (
					"$(SDKROOT)/Developer/Library/Frameworks",
					"$(inherited)",
				);
				GCC_PREPROCESSOR_DEFINITIONS = (
					"DEBUG=1",
					"$(inherited)",
				);
				INFOPLIST_FILE = htmlTests/Info.plist;
				LD_RUNPATH_SEARCH_PATHS = "$(inherited) @executable_path/Frameworks @loader_path/Frameworks";
				PRODUCT_NAME = "$(TARGET_NAME)";
				TEST_HOST = "$(BUILT_PRODUCTS_DIR)/html.app/html";
			};
			name = Debug;
		};
		4E9EC43D1A761C4F008EA428 /* Release */ = {
			isa = XCBuildConfiguration;
			buildSettings = {
				BUNDLE_LOADER = "$(TEST_HOST)";
				FRAMEWORK_SEARCH_PATHS = (
					"$(SDKROOT)/Developer/Library/Frameworks",
					"$(inherited)",
				);
				INFOPLIST_FILE = htmlTests/Info.plist;
				LD_RUNPATH_SEARCH_PATHS = "$(inherited) @executable_path/Frameworks @loader_path/Frameworks";
				PRODUCT_NAME = "$(TARGET_NAME)";
				TEST_HOST = "$(BUILT_PRODUCTS_DIR)/html.app/html";
			};
			name = Release;
		};
/* End XCBuildConfiguration section */

/* Begin XCConfigurationList section */
		4E9EC40D1A761C4E008EA428 /* Build configuration list for PBXProject "html" */ = {
			isa = XCConfigurationList;
			buildConfigurations = (
				4E9EC4361A761C4F008EA428 /* Debug */,
				4E9EC4371A761C4F008EA428 /* Release */,
			);
			defaultConfigurationIsVisible = 0;
			defaultConfigurationName = Release;
		};
		4E9EC4381A761C4F008EA428 /* Build configuration list for PBXNativeTarget "html" */ = {
			isa = XCConfigurationList;
			buildConfigurations = (
				4E9EC4391A761C4F008EA428 /* Debug */,
				4E9EC43A1A761C4F008EA428 /* Release */,
			);
			defaultConfigurationIsVisible = 0;
		};
		4E9EC43B1A761C4F008EA428 /* Build configuration list for PBXNativeTarget "htmlTests" */ = {
			isa = XCConfigurationList;
			buildConfigurations = (
				4E9EC43C1A761C4F008EA428 /* Debug */,
				4E9EC43D1A761C4F008EA428 /* Release */,
			);
			defaultConfigurationIsVisible = 0;
		};
/* End XCConfigurationList section */

/* Begin XCVersionGroup section */
		4E9EC41C1A761C4F008EA428 /* html.xcdatamodeld */ = {
			isa = XCVersionGroup;
			children = (
				4E9EC41D1A761C4F008EA428 /* html.xcdatamodel */,
			);
			currentVersion = 4E9EC41D1A761C4F008EA428 /* html.xcdatamodel */;
			path = html.xcdatamodeld;
			sourceTree = "<group>";
			versionGroupType = wrapper.xcdatamodel;
		};
/* End XCVersionGroup section */
	};
	rootObject = 4E9EC40A1A761C4E008EA428 /* Project object */;
}
